
Microsoft Visual Studio Solution File, Format Version 12.00
# Visual Studio Version 17
VisualStudioVersion = 17.0.31903.59
MinimumVisualStudioVersion = 10.0.40219.1
Project("{2150E333-8FDC-42A3-9474-1A3956D46DE8}") = "src", "src", "{54388AEB-A77D-42DA-9B90-C259D50CA408}"
EndProject
Project("{FAE04EC0-301F-11D3-BF4B-00C04F79EFBC}") = "Mirror.Analytics", "src\Mirror.Analytics\Mirror.Analytics.csproj", "{99712AC2-C100-48E6-972C-0FE788FD0F39}"
EndProject
Project("{FAE04EC0-301F-11D3-BF4B-00C04F79EFBC}") = "Mirror.Core", "src\Mirror.Core\Mirror.Core.csproj", "{F9807E7D-5E5C-4186-BA66-2A85E498750D}"
EndProject
Project("{FAE04EC0-301F-11D3-BF4B-00C04F79EFBC}") = "Mirror.Inference", "src\Mirror.Inference\Mirror.Inference.csproj", "{AAED586E-4C21-4BAE-B20E-2E0416285EBF}"
EndProject
Project("{FAE04EC0-301F-11D3-BF4B-00C04F79EFBC}") = "Mirror.Persistence", "src\Mirror.Persistence\Mirror.Persistence.csproj", "{55C74DEB-3AF4-468F-ACD3-795B2E36466D}"
EndProject
Project("{FAE04EC0-301F-11D3-BF4B-00C04F79EFBC}") = "Mirror.Platform", "src\Mirror.Platform\Mirror.Platform.csproj", "{AE15303C-4832-476B-BC19-E8E8831ED681}"
EndProject
Project("{FAE04EC0-301F-11D3-BF4B-00C04F79EFBC}") = "Mirror.Security", "src\Mirror.Security\Mirror.Security.csproj", "{52913B11-7805-40C4-84DD-C378C411532E}"
EndProject
Project("{FAE04EC0-301F-11D3-BF4B-00C04F79EFBC}") = "Mirror.Tracking", "src\Mirror.Tracking\Mirror.Tracking.csproj", "{1192B03B-2F26-4A98-A62A-3E2A3038B20C}"
EndProject
Project("{2150E333-8FDC-42A3-9474-1A3956D46DE8}") = "tests", "tests", "{2F8A463F-CE36-44F3-A3C5-CA2F1CBD0C38}"
EndProject
Project("{FAE04EC0-301F-11D3-BF4B-00C04F79EFBC}") = "Mirror.Analytics.Tests", "tests\Mirror.Analytics.Tests\Mirror.Analytics.Tests.csproj", "{8E2D6F09-75F8-439C-9FBF-69D36D06C921}"
EndProject
Project("{FAE04EC0-301F-11D3-BF4B-00C04F79EFBC}") = "Mirror.Core.Tests", "tests\Mirror.Core.Tests\Mirror.Core.Tests.csproj", "{15DE2830-8284-4FB3-AF9F-14033AB25931}"
EndProject
Project("{FAE04EC0-301F-11D3-BF4B-00C04F79EFBC}") = "Mirror.Inference.Tests", "tests\Mirror.Inference.Tests\Mirror.Inference.Tests.csproj", "{FEB17B5F-A83C-4E74-AA2E-2D19C279240B}"
EndProject
Project("{FAE04EC0-301F-11D3-BF4B-00C04F79EFBC}") = "Mirror.Persistence.Tests", "tests\Mirror.Persistence.Tests\Mirror.Persistence.Tests.csproj", "{BC8757E6-A679-450A-ABC3-E7F3AEE4859F}"
EndProject
Project("{FAE04EC0-301F-11D3-BF4B-00C04F79EFBC}") = "Mirror.Privacy.Tests", "tests\Mirror.Privacy.Tests\Mirror.Privacy.Tests.csproj", "{FACF1AFF-E6DB-48A6-ACDC-5C9D1BE500B4}"
EndProject
Project("{FAE04EC0-301F-11D3-BF4B-00C04F79EFBC}") = "Mirror.Tracking.Tests", "tests\Mirror.Tracking.Tests\Mirror.Tracking.Tests.csproj", "{2CBA40F6-2F06-4E8D-85EA-E68046635FBC}"
EndProject
Project("{FAE04EC0-301F-11D3-BF4B-00C04F79EFBC}") = "Mirror.App", "src\Mirror.App\Mirror.App.csproj", "{04F195E9-D660-401F-AA4E-FAEB56792D89}"
EndProject
Project("{FAE04EC0-301F-11D3-BF4B-00C04F79EFBC}") = "Mirror.Voice", "src\Mirror.Voice\Mirror.Voice.csproj", "{62D00C6C-AE27-4E11-A13E-B6E06E7C8864}"
EndProject
Project("{FAE04EC0-301F-11D3-BF4B-00C04F79EFBC}") = "Mirror.Reporting", "src\Mirror.Reporting\Mirror.Reporting.csproj", "{C7E7BCA4-2241-4934-A6BD-B6C28CB936BE}"
EndProject
Project("{FAE04EC0-301F-11D3-BF4B-00C04F79EFBC}") = "Mirror.LLM", "src\Mirror.LLM\Mirror.LLM.csproj", "{597B48E1-F2CF-4C8E-95DE-168CE0D93FE2}"
EndProject
Project("{FAE04EC0-301F-11D3-BF4B-00C04F79EFBC}") = "Mirror.AI.Tests", "tests\Mirror.AI.Tests\Mirror.AI.Tests.csproj", "{E633228A-B0FC-46D4-9018-7ADAD1F57484}"
EndProject
Global
	GlobalSection(SolutionConfigurationPlatforms) = preSolution
		Debug|Any CPU = Debug|Any CPU
		Release|Any CPU = Release|Any CPU
	EndGlobalSection
	GlobalSection(SolutionProperties) = preSolution
		HideSolutionNode = FALSE
	EndGlobalSection
	GlobalSection(ProjectConfigurationPlatforms) = postSolution
		{99712AC2-C100-48E6-972C-0FE788FD0F39}.Debug|Any CPU.ActiveCfg = Debug|Any CPU
		{99712AC2-C100-48E6-972C-0FE788FD0F39}.Debug|Any CPU.Build.0 = Debug|Any CPU
		{99712AC2-C100-48E6-972C-0FE788FD0F39}.Release|Any CPU.ActiveCfg = Release|Any CPU
		{99712AC2-C100-48E6-972C-0FE788FD0F39}.Release|Any CPU.Build.0 = Release|Any CPU
		{F9807E7D-5E5C-4186-BA66-2A85E498750D}.Debug|Any CPU.ActiveCfg = Debug|Any CPU
		{F9807E7D-5E5C-4186-BA66-2A85E498750D}.Debug|Any CPU.Build.0 = Debug|Any CPU
		{F9807E7D-5E5C-4186-BA66-2A85E498750D}.Release|Any CPU.ActiveCfg = Release|Any CPU
		{F9807E7D-5E5C-4186-BA66-2A85E498750D}.Release|Any CPU.Build.0 = Release|Any CPU
		{AAED586E-4C21-4BAE-B20E-2E0416285EBF}.Debug|Any CPU.ActiveCfg = Debug|Any CPU
		{AAED586E-4C21-4BAE-B20E-2E0416285EBF}.Debug|Any CPU.Build.0 = Debug|Any CPU
		{AAED586E-4C21-4BAE-B20E-2E0416285EBF}.Release|Any CPU.ActiveCfg = Release|Any CPU
		{AAED586E-4C21-4BAE-B20E-2E0416285EBF}.Release|Any CPU.Build.0 = Release|Any CPU
		{55C74DEB-3AF4-468F-ACD3-795B2E36466D}.Debug|Any CPU.ActiveCfg = Debug|Any CPU
		{55C74DEB-3AF4-468F-ACD3-795B2E36466D}.Debug|Any CPU.Build.0 = Debug|Any CPU
		{55C74DEB-3AF4-468F-ACD3-795B2E36466D}.Release|Any CPU.ActiveCfg = Release|Any CPU
		{55C74DEB-3AF4-468F-ACD3-795B2E36466D}.Release|Any CPU.Build.0 = Release|Any CPU
		{AE15303C-4832-476B-BC19-E8E8831ED681}.Debug|Any CPU.ActiveCfg = Debug|Any CPU
		{AE15303C-4832-476B-BC19-E8E8831ED681}.Debug|Any CPU.Build.0 = Debug|Any CPU
		{AE15303C-4832-476B-BC19-E8E8831ED681}.Release|Any CPU.ActiveCfg = Release|Any CPU
		{AE15303C-4832-476B-BC19-E8E8831ED681}.Release|Any CPU.Build.0 = Release|Any CPU
		{52913B11-7805-40C4-84DD-C378C411532E}.Debug|Any CPU.ActiveCfg = Debug|Any CPU
		{52913B11-7805-40C4-84DD-C378C411532E}.Debug|Any CPU.Build.0 = Debug|Any CPU
		{52913B11-7805-40C4-84DD-C378C411532E}.Release|Any CPU.ActiveCfg = Release|Any CPU
		{52913B11-7805-40C4-84DD-C378C411532E}.Release|Any CPU.Build.0 = Release|Any CPU
		{1192B03B-2F26-4A98-A62A-3E2A3038B20C}.Debug|Any CPU.ActiveCfg = Debug|Any CPU
		{1192B03B-2F26-4A98-A62A-3E2A3038B20C}.Debug|Any CPU.Build.0 = Debug|Any CPU
		{1192B03B-2F26-4A98-A62A-3E2A3038B20C}.Release|Any CPU.ActiveCfg = Release|Any CPU
		{1192B03B-2F26-4A98-A62A-3E2A3038B20C}.Release|Any CPU.Build.0 = Release|Any CPU
		{8E2D6F09-75F8-439C-9FBF-69D36D06C921}.Debug|Any CPU.ActiveCfg = Debug|Any CPU
		{8E2D6F09-75F8-439C-9FBF-69D36D06C921}.Debug|Any CPU.Build.0 = Debug|Any CPU
		{8E2D6F09-75F8-439C-9FBF-69D36D06C921}.Release|Any CPU.ActiveCfg = Release|Any CPU
		{8E2D6F09-75F8-439C-9FBF-69D36D06C921}.Release|Any CPU.Build.0 = Release|Any CPU
		{15DE2830-8284-4FB3-AF9F-14033AB25931}.Debug|Any CPU.ActiveCfg = Debug|Any CPU
		{15DE2830-8284-4FB3-AF9F-14033AB25931}.Debug|Any CPU.Build.0 = Debug|Any CPU
		{15DE2830-8284-4FB3-AF9F-14033AB25931}.Release|Any CPU.ActiveCfg = Release|Any CPU
		{15DE2830-8284-4FB3-AF9F-14033AB25931}.Release|Any CPU.Build.0 = Release|Any CPU
		{FEB17B5F-A83C-4E74-AA2E-2D19C279240B}.Debug|Any CPU.ActiveCfg = Debug|Any CPU
		{FEB17B5F-A83C-4E74-AA2E-2D19C279240B}.Debug|Any CPU.Build.0 = Debug|Any CPU
		{FEB17B5F-A83C-4E74-AA2E-2D19C279240B}.Release|Any CPU.ActiveCfg = Release|Any CPU
		{FEB17B5F-A83C-4E74-AA2E-2D19C279240B}.Release|Any CPU.Build.0 = Release|Any CPU
		{BC8757E6-A679-450A-ABC3-E7F3AEE4859F}.Debug|Any CPU.ActiveCfg = Debug|Any CPU
		{BC8757E6-A679-450A-ABC3-E7F3AEE4859F}.Debug|Any CPU.Build.0 = Debug|Any CPU
		{BC8757E6-A679-450A-ABC3-E7F3AEE4859F}.Release|Any CPU.ActiveCfg = Release|Any CPU
		{BC8757E6-A679-450A-ABC3-E7F3AEE4859F}.Release|Any CPU.Build.0 = Release|Any CPU
		{FACF1AFF-E6DB-48A6-ACDC-5C9D1BE500B4}.Debug|Any CPU.ActiveCfg = Debug|Any CPU
		{FACF1AFF-E6DB-48A6-ACDC-5C9D1BE500B4}.Debug|Any CPU.Build.0 = Debug|Any CPU
		{FACF1AFF-E6DB-48A6-ACDC-5C9D1BE500B4}.Release|Any CPU.ActiveCfg = Release|Any CPU
		{FACF1AFF-E6DB-48A6-ACDC-5C9D1BE500B4}.Release|Any CPU.Build.0 = Release|Any CPU
		{2CBA40F6-2F06-4E8D-85EA-E68046635FBC}.Debug|Any CPU.ActiveCfg = Debug|Any CPU
		{2CBA40F6-2F06-4E8D-85EA-E68046635FBC}.Debug|Any CPU.Build.0 = Debug|Any CPU
		{2CBA40F6-2F06-4E8D-85EA-E68046635FBC}.Release|Any CPU.ActiveCfg = Release|Any CPU
		{2CBA40F6-2F06-4E8D-85EA-E68046635FBC}.Release|Any CPU.Build.0 = Release|Any CPU
		{04F195E9-D660-401F-AA4E-FAEB56792D89}.Debug|Any CPU.ActiveCfg = Debug|x64
		{04F195E9-D660-401F-AA4E-FAEB56792D89}.Debug|Any CPU.Build.0 = Debug|x64
		{04F195E9-D660-401F-AA4E-FAEB56792D89}.Release|Any CPU.ActiveCfg = Release|x64
		{04F195E9-D660-401F-AA4E-FAEB56792D89}.Release|Any CPU.Build.0 = Release|x64
		{62D00C6C-AE27-4E11-A13E-B6E06E7C8864}.Debug|Any CPU.ActiveCfg = Debug|Any CPU
		{62D00C6C-AE27-4E11-A13E-B6E06E7C8864}.Debug|Any CPU.Build.0 = Debug|Any CPU
		{62D00C6C-AE27-4E11-A13E-B6E06E7C8864}.Release|Any CPU.ActiveCfg = Release|Any CPU
		{62D00C6C-AE27-4E11-A13E-B6E06E7C8864}.Release|Any CPU.Build.0 = Release|Any CPU
		{C7E7BCA4-2241-4934-A6BD-B6C28CB936BE}.Debug|Any CPU.ActiveCfg = Debug|Any CPU
		{C7E7BCA4-2241-4934-A6BD-B6C28CB936BE}.Debug|Any CPU.Build.0 = Debug|Any CPU
		{C7E7BCA4-2241-4934-A6BD-B6C28CB936BE}.Release|Any CPU.ActiveCfg = Release|Any CPU
		{C7E7BCA4-2241-4934-A6BD-B6C28CB936BE}.Release|Any CPU.Build.0 = Release|Any CPU
		{597B48E1-F2CF-4C8E-95DE-168CE0D93FE2}.Debug|Any CPU.ActiveCfg = Debug|Any CPU
		{597B48E1-F2CF-4C8E-95DE-168CE0D93FE2}.Debug|Any CPU.Build.0 = Debug|Any CPU
		{597B48E1-F2CF-4C8E-95DE-168CE0D93FE2}.Release|Any CPU.ActiveCfg = Release|Any CPU
		{597B48E1-F2CF-4C8E-95DE-168CE0D93FE2}.Release|Any CPU.Build.0 = Release|Any CPU
		{E633228A-B0FC-46D4-9018-7ADAD1F57484}.Debug|Any CPU.ActiveCfg = Debug|Any CPU
		{E633228A-B0FC-46D4-9018-7ADAD1F57484}.Debug|Any CPU.Build.0 = Debug|Any CPU
		{E633228A-B0FC-46D4-9018-7ADAD1F57484}.Release|Any CPU.ActiveCfg = Release|Any CPU
		{E633228A-B0FC-46D4-9018-7ADAD1F57484}.Release|Any CPU.Build.0 = Release|Any CPU
	EndGlobalSection
	GlobalSection(NestedProjects) = preSolution
		{99712AC2-C100-48E6-972C-0FE788FD0F39} = {54388AEB-A77D-42DA-9B90-C259D50CA408}
		{F9807E7D-5E5C-4186-BA66-2A85E498750D} = {54388AEB-A77D-42DA-9B90-C259D50CA408}
		{AAED586E-4C21-4BAE-B20E-2E0416285EBF} = {54388AEB-A77D-42DA-9B90-C259D50CA408}
		{55C74DEB-3AF4-468F-ACD3-795B2E36466D} = {54388AEB-A77D-42DA-9B90-C259D50CA408}
		{AE15303C-4832-476B-BC19-E8E8831ED681} = {54388AEB-A77D-42DA-9B90-C259D50CA408}
		{52913B11-7805-40C4-84DD-C378C411532E} = {54388AEB-A77D-42DA-9B90-C259D50CA408}
		{1192B03B-2F26-4A98-A62A-3E2A3038B20C} = {54388AEB-A77D-42DA-9B90-C259D50CA408}
		{8E2D6F09-75F8-439C-9FBF-69D36D06C921} = {2F8A463F-CE36-44F3-A3C5-CA2F1CBD0C38}
		{15DE2830-8284-4FB3-AF9F-14033AB25931} = {2F8A463F-CE36-44F3-A3C5-CA2F1CBD0C38}
		{FEB17B5F-A83C-4E74-AA2E-2D19C279240B} = {2F8A463F-CE36-44F3-A3C5-CA2F1CBD0C38}
		{BC8757E6-A679-450A-ABC3-E7F3AEE4859F} = {2F8A463F-CE36-44F3-A3C5-CA2F1CBD0C38}
		{FACF1AFF-E6DB-48A6-ACDC-5C9D1BE500B4} = {2F8A463F-CE36-44F3-A3C5-CA2F1CBD0C38}
		{2CBA40F6-2F06-4E8D-85EA-E68046635FBC} = {2F8A463F-CE36-44F3-A3C5-CA2F1CBD0C38}
		{04F195E9-D660-401F-AA4E-FAEB56792D89} = {54388AEB-A77D-42DA-9B90-C259D50CA408}
		{62D00C6C-AE27-4E11-A13E-B6E06E7C8864} = {54388AEB-A77D-42DA-9B90-C259D50CA408}
		{C7E7BCA4-2241-4934-A6BD-B6C28CB936BE} = {54388AEB-A77D-42DA-9B90-C259D50CA408}
		{597B48E1-F2CF-4C8E-95DE-168CE0D93FE2} = {54388AEB-A77D-42DA-9B90-C259D50CA408}
		{E633228A-B0FC-46D4-9018-7ADAD1F57484} = {2F8A463F-CE36-44F3-A3C5-CA2F1CBD0C38}
	EndGlobalSection
EndGlobal
